
Microsoft Visual Studio Solution File, Format Version 12.00
# Visual Studio Version 17
VisualStudioVersion = 17.14.36623.8
MinimumVisualStudioVersion = 10.0.40219.1
Project("{FAE04EC0-301F-11D3-BF4B-00C04F79EFBC}") = "Minidarmas0", "Minidarmas0\Minidarmas0.csproj", "{2E4A66AC-C22A-4C71-8255-C9BF261C85EA}"
EndProject
Project("{2150E333-8FDC-42A3-9474-1A3956D46DE8}") = "Solution Items", "Solution Items", "{8EC462FD-D22E-90A8-E5CE-7E832BA40C5D}"
	ProjectSection(SolutionItems) = preProject
		README.md = README.md
	EndProjectSection
EndProject
Global
	GlobalSection(SolutionConfigurationPlatforms) = preSolution
		Debug|Any CPU = Debug|Any CPU
		Release|Any CPU = Release|Any CPU
	EndGlobalSection
	GlobalSection(ProjectConfigurationPlatforms) = postSolution
		{2E4A66AC-C22A-4C71-8255-C9BF261C85EA}.Debug|Any CPU.ActiveCfg = Debug|Any CPU
		{2E4A66AC-C22A-4C71-8255-C9BF261C85EA}.Debug|Any CPU.Build.0 = Debug|Any CPU
		{2E4A66AC-C22A-4C71-8255-C9BF261C85EA}.Release|Any CPU.ActiveCfg = Release|Any CPU
		{2E4A66AC-C22A-4C71-8255-C9BF261C85EA}.Release|Any CPU.Build.0 = Release|Any CPU
	EndGlobalSection
	GlobalSection(SolutionProperties) = preSolution
		HideSolutionNode = FALSE
	EndGlobalSection
	GlobalSection(ExtensibilityGlobals) = postSolution
		SolutionGuid = {2AB876F8-3F11-49C5-B9A0-C560630A0ECE}
	EndGlobalSection
EndGlobal
